
Microsoft Visual Studio Solution File, Format Version 10.00
# Visual C# Express 2008
Project("{FAE04EC0-301F-11D3-BF4B-00C04F79EFBC}") = "Cloo", "Cloo\Cloo.csproj", "{656E96CE-2587-4CCC-A4DB-06D36267133A}"
EndProject
Project("{FAE04EC0-301F-11D3-BF4B-00C04F79EFBC}") = "ClooTester", "ClooTester\ClooTester.csproj", "{8D19C574-28E2-4F6F-B842-95952F5FDF70}"
EndProject
Project("{FAE04EC0-301F-11D3-BF4B-00C04F79EFBC}") = "ClooInfo", "ClooInfo\ClooInfo.csproj", "{83AD9C67-060F-459D-9B97-AD5F40D5A70F}"
EndProject
Global
	GlobalSection(SolutionConfigurationPlatforms) = preSolution
		Debug|Any CPU = Debug|Any CPU
		Release|Any CPU = Release|Any CPU
	EndGlobalSection
	GlobalSection(ProjectConfigurationPlatforms) = postSolution
		{656E96CE-2587-4CCC-A4DB-06D36267133A}.Debug|Any CPU.ActiveCfg = Debug|Any CPU
		{656E96CE-2587-4CCC-A4DB-06D36267133A}.Debug|Any CPU.Build.0 = Debug|Any CPU
		{656E96CE-2587-4CCC-A4DB-06D36267133A}.Release|Any CPU.ActiveCfg = Release|Any CPU
		{656E96CE-2587-4CCC-A4DB-06D36267133A}.Release|Any CPU.Build.0 = Release|Any CPU
		{8D19C574-28E2-4F6F-B842-95952F5FDF70}.Debug|Any CPU.ActiveCfg = Debug|Any CPU
		{8D19C574-28E2-4F6F-B842-95952F5FDF70}.Debug|Any CPU.Build.0 = Debug|Any CPU
		{8D19C574-28E2-4F6F-B842-95952F5FDF70}.Release|Any CPU.ActiveCfg = Release|Any CPU
		{8D19C574-28E2-4F6F-B842-95952F5FDF70}.Release|Any CPU.Build.0 = Release|Any CPU
		{83AD9C67-060F-459D-9B97-AD5F40D5A70F}.Debug|Any CPU.ActiveCfg = Debug|Any CPU
		{83AD9C67-060F-459D-9B97-AD5F40D5A70F}.Debug|Any CPU.Build.0 = Debug|Any CPU
		{83AD9C67-060F-459D-9B97-AD5F40D5A70F}.Release|Any CPU.ActiveCfg = Release|Any CPU
		{83AD9C67-060F-459D-9B97-AD5F40D5A70F}.Release|Any CPU.Build.0 = Release|Any CPU
	EndGlobalSection
	GlobalSection(SolutionProperties) = preSolution
		HideSolutionNode = FALSE
	EndGlobalSection
EndGlobal
