
Microsoft Visual Studio Solution File, Format Version 12.00
# Visual Studio 15
VisualStudioVersion = 15.0.27703.2042
MinimumVisualStudioVersion = 10.0.40219.1
Project("{2150E333-8FDC-42A3-9474-1A3956D46DE8}") = "Documentation", "Documentation", "{5040C738-55ED-42D8-B006-07FA2B151C4B}"
	ProjectSection(SolutionItems) = preProject
		Documentation\ChangeLog.txt = Documentation\ChangeLog.txt
		Documentation\License.txt = Documentation\License.txt
		Documentation\ReadMe.txt = Documentation\ReadMe.txt
		Documentation\ReleaseNotes.txt = Documentation\ReleaseNotes.txt
		Documentation\Supported.txt = Documentation\Supported.txt
	EndProjectSection
EndProject
Project("{2150E333-8FDC-42A3-9474-1A3956D46DE8}") = ".nuget", ".nuget", "{DAEA17BC-B6CC-4479-AA97-BD3E2F268F63}"
	ProjectSection(SolutionItems) = preProject
		.nuget\packages.config = .nuget\packages.config
	EndProjectSection
EndProject
Project("{9A19103F-16F7-4668-BE54-9A1E7A4F7556}") = "Cloo", "Cloo\Cloo.csproj", "{D26E2401-7466-480C-8816-EA5CB90D32C5}"
EndProject
Project("{FAE04EC0-301F-11D3-BF4B-00C04F79EFBC}") = "Clootils", "Clootils\Clootils.csproj", "{FD7A92BD-8036-428F-9C7D-9A3630AF7E2F}"
EndProject
Global
	GlobalSection(SolutionConfigurationPlatforms) = preSolution
		Debug|Any CPU = Debug|Any CPU
		Release|Any CPU = Release|Any CPU
	EndGlobalSection
	GlobalSection(ProjectConfigurationPlatforms) = postSolution
		{D26E2401-7466-480C-8816-EA5CB90D32C5}.Debug|Any CPU.ActiveCfg = Debug|Any CPU
		{D26E2401-7466-480C-8816-EA5CB90D32C5}.Debug|Any CPU.Build.0 = Debug|Any CPU
		{D26E2401-7466-480C-8816-EA5CB90D32C5}.Release|Any CPU.ActiveCfg = Release|Any CPU
		{D26E2401-7466-480C-8816-EA5CB90D32C5}.Release|Any CPU.Build.0 = Release|Any CPU
		{FD7A92BD-8036-428F-9C7D-9A3630AF7E2F}.Debug|Any CPU.ActiveCfg = Debug|Any CPU
		{FD7A92BD-8036-428F-9C7D-9A3630AF7E2F}.Debug|Any CPU.Build.0 = Debug|Any CPU
		{FD7A92BD-8036-428F-9C7D-9A3630AF7E2F}.Release|Any CPU.ActiveCfg = Release|Any CPU
		{FD7A92BD-8036-428F-9C7D-9A3630AF7E2F}.Release|Any CPU.Build.0 = Release|Any CPU
	EndGlobalSection
	GlobalSection(SolutionProperties) = preSolution
		HideSolutionNode = FALSE
	EndGlobalSection
	GlobalSection(ExtensibilityGlobals) = postSolution
		SolutionGuid = {C0D45E98-4889-4A13-9121-5FC13150B15C}
	EndGlobalSection
EndGlobal
